
Microsoft Visual Studio Solution File, Format Version 12.00
# Visual Studio Version 16
VisualStudioVersion = 16.0.29215.179
MinimumVisualStudioVersion = 10.0.40219.1
Project("{FAE04EC0-301F-11D3-BF4B-00C04F79EFBC}") = "WpfApp1", "WpfApp1\WpfApp1.csproj", "{50E13515-4326-4311-B466-1CE0E6E0787F}"
EndProject
Global
	GlobalSection(SolutionConfigurationPlatforms) = preSolution
		Debug|Any CPU = Debug|Any CPU
		Release|Any CPU = Release|Any CPU
	EndGlobalSection
	GlobalSection(ProjectConfigurationPlatforms) = postSolution
		{50E13515-4326-4311-B466-1CE0E6E0787F}.Debug|Any CPU.ActiveCfg = Debug|Any CPU
		{50E13515-4326-4311-B466-1CE0E6E0787F}.Debug|Any CPU.Build.0 = Debug|Any CPU
		{50E13515-4326-4311-B466-1CE0E6E0787F}.Release|Any CPU.ActiveCfg = Release|Any CPU
		{50E13515-4326-4311-B466-1CE0E6E0787F}.Release|Any CPU.Build.0 = Release|Any CPU
	EndGlobalSection
	GlobalSection(SolutionProperties) = preSolution
		HideSolutionNode = FALSE
	EndGlobalSection
	GlobalSection(ExtensibilityGlobals) = postSolution
		SolutionGuid = {F92A08F9-D2D6-4297-8CC7-558CFA40931C}
	EndGlobalSection
EndGlobal
